
Microsoft Visual Studio Solution File, Format Version 12.00
# Visual Studio Version 17
VisualStudioVersion = 17.0.31912.275
MinimumVisualStudioVersion = 10.0.40219.1
Project("{6EC3EE1D-3C4E-46DD-8F32-0CC8E7565705}") = "Day1", "Day1\Day1.fsproj", "{B92C9A68-D085-4597-B0AC-1F2069732B9A}"
EndProject
Project("{6EC3EE1D-3C4E-46DD-8F32-0CC8E7565705}") = "Day2", "Day2\Day2.fsproj", "{20718CCC-FE45-4D7A-B796-04351DEA6CB2}"
EndProject
Project("{6EC3EE1D-3C4E-46DD-8F32-0CC8E7565705}") = "Day3", "Day3\Day3.fsproj", "{9AA1CFA3-3CCD-481B-B34C-DFC5CB950384}"
EndProject
Project("{6EC3EE1D-3C4E-46DD-8F32-0CC8E7565705}") = "Day4", "Day4\Day4.fsproj", "{41EE2572-CF99-494B-993C-2B240F56C63C}"
EndProject
Project("{6EC3EE1D-3C4E-46DD-8F32-0CC8E7565705}") = "Day5", "Day5\Day5.fsproj", "{EA9C4FBD-811D-4435-A29F-E868F9A6A898}"
EndProject
Project("{6EC3EE1D-3C4E-46DD-8F32-0CC8E7565705}") = "Day6", "Day6\Day6.fsproj", "{1F584968-273E-4934-BBC4-45B54CA1F325}"
EndProject
Project("{6EC3EE1D-3C4E-46DD-8F32-0CC8E7565705}") = "Day7", "Day7\Day7.fsproj", "{68785AE4-FED2-4200-A9CA-EA5CCF4C84E0}"
EndProject
Project("{6EC3EE1D-3C4E-46DD-8F32-0CC8E7565705}") = "Day8", "Day8\Day8.fsproj", "{754C1715-3B92-404F-8093-DC89F2FC151C}"
EndProject
Project("{6EC3EE1D-3C4E-46DD-8F32-0CC8E7565705}") = "Day9", "Day9\Day9.fsproj", "{A9ABC78F-5B62-40F1-BCA1-9BDD891B88C9}"
EndProject
Project("{6EC3EE1D-3C4E-46DD-8F32-0CC8E7565705}") = "Day10", "Day10\Day10.fsproj", "{F9A2FF79-4119-4E5C-B9D0-DC60202D3458}"
EndProject
Project("{6EC3EE1D-3C4E-46DD-8F32-0CC8E7565705}") = "Day11", "Day11\Day11.fsproj", "{4DE2F4F8-A8FE-444D-9EFF-ACC91E7554E4}"
EndProject
Project("{6EC3EE1D-3C4E-46DD-8F32-0CC8E7565705}") = "Day12", "Day12\Day12.fsproj", "{9665D9FA-7ADF-4919-BA9F-276843606983}"
EndProject
Project("{6EC3EE1D-3C4E-46DD-8F32-0CC8E7565705}") = "Day13", "Day13\Day13.fsproj", "{3D8C28E5-C116-45F0-90B0-5B6959F58E77}"
EndProject
Project("{6EC3EE1D-3C4E-46DD-8F32-0CC8E7565705}") = "Day14", "Day14\Day14.fsproj", "{D90CC332-9B14-41D6-A75C-37691F8BA5DB}"
EndProject
Project("{6EC3EE1D-3C4E-46DD-8F32-0CC8E7565705}") = "Day15", "Day15\Day15.fsproj", "{7A0CA607-3168-4FB6-97F7-7AD8C0283747}"
EndProject
Project("{6EC3EE1D-3C4E-46DD-8F32-0CC8E7565705}") = "Day16", "Day16\Day16.fsproj", "{FFD32FED-BD53-4BE2-BF28-DB692D53BA75}"
EndProject
Project("{6EC3EE1D-3C4E-46DD-8F32-0CC8E7565705}") = "Day17", "Day17\Day17.fsproj", "{F893BE89-E98D-437E-BCB0-63C343453B48}"
EndProject
Project("{6EC3EE1D-3C4E-46DD-8F32-0CC8E7565705}") = "Day18", "Day18\Day18.fsproj", "{049FEC27-CAB7-43A8-B8C8-725A176A6237}"
EndProject
Project("{6EC3EE1D-3C4E-46DD-8F32-0CC8E7565705}") = "Day19", "Day19\Day19.fsproj", "{D06CEFBB-375A-4C04-B3EC-D55F52EEF0EC}"
EndProject
Project("{6EC3EE1D-3C4E-46DD-8F32-0CC8E7565705}") = "Day20", "Day20\Day20.fsproj", "{2E60933D-EDF9-443F-B973-E51E8A2A49B5}"
EndProject
Project("{6EC3EE1D-3C4E-46DD-8F32-0CC8E7565705}") = "Day21", "Day21\Day21.fsproj", "{E84C87C8-21C7-4BF3-B7EF-A0CCEF426221}"
EndProject
Project("{6EC3EE1D-3C4E-46DD-8F32-0CC8E7565705}") = "Day22", "Day22\Day22.fsproj", "{1F0F5A07-C0A3-4047-BFF0-62E9C178E5B6}"
EndProject
Global
	GlobalSection(SolutionConfigurationPlatforms) = preSolution
		Debug|Any CPU = Debug|Any CPU
		Release|Any CPU = Release|Any CPU
	EndGlobalSection
	GlobalSection(ProjectConfigurationPlatforms) = postSolution
		{B92C9A68-D085-4597-B0AC-1F2069732B9A}.Debug|Any CPU.ActiveCfg = Debug|Any CPU
		{B92C9A68-D085-4597-B0AC-1F2069732B9A}.Debug|Any CPU.Build.0 = Debug|Any CPU
		{B92C9A68-D085-4597-B0AC-1F2069732B9A}.Release|Any CPU.ActiveCfg = Release|Any CPU
		{B92C9A68-D085-4597-B0AC-1F2069732B9A}.Release|Any CPU.Build.0 = Release|Any CPU
		{20718CCC-FE45-4D7A-B796-04351DEA6CB2}.Debug|Any CPU.ActiveCfg = Debug|Any CPU
		{20718CCC-FE45-4D7A-B796-04351DEA6CB2}.Debug|Any CPU.Build.0 = Debug|Any CPU
		{20718CCC-FE45-4D7A-B796-04351DEA6CB2}.Release|Any CPU.ActiveCfg = Release|Any CPU
		{20718CCC-FE45-4D7A-B796-04351DEA6CB2}.Release|Any CPU.Build.0 = Release|Any CPU
		{9AA1CFA3-3CCD-481B-B34C-DFC5CB950384}.Debug|Any CPU.ActiveCfg = Debug|Any CPU
		{9AA1CFA3-3CCD-481B-B34C-DFC5CB950384}.Debug|Any CPU.Build.0 = Debug|Any CPU
		{9AA1CFA3-3CCD-481B-B34C-DFC5CB950384}.Release|Any CPU.ActiveCfg = Release|Any CPU
		{9AA1CFA3-3CCD-481B-B34C-DFC5CB950384}.Release|Any CPU.Build.0 = Release|Any CPU
		{41EE2572-CF99-494B-993C-2B240F56C63C}.Debug|Any CPU.ActiveCfg = Debug|Any CPU
		{41EE2572-CF99-494B-993C-2B240F56C63C}.Debug|Any CPU.Build.0 = Debug|Any CPU
		{41EE2572-CF99-494B-993C-2B240F56C63C}.Release|Any CPU.ActiveCfg = Release|Any CPU
		{41EE2572-CF99-494B-993C-2B240F56C63C}.Release|Any CPU.Build.0 = Release|Any CPU
		{EA9C4FBD-811D-4435-A29F-E868F9A6A898}.Debug|Any CPU.ActiveCfg = Debug|Any CPU
		{EA9C4FBD-811D-4435-A29F-E868F9A6A898}.Debug|Any CPU.Build.0 = Debug|Any CPU
		{EA9C4FBD-811D-4435-A29F-E868F9A6A898}.Release|Any CPU.ActiveCfg = Release|Any CPU
		{EA9C4FBD-811D-4435-A29F-E868F9A6A898}.Release|Any CPU.Build.0 = Release|Any CPU
		{1F584968-273E-4934-BBC4-45B54CA1F325}.Debug|Any CPU.ActiveCfg = Debug|Any CPU
		{1F584968-273E-4934-BBC4-45B54CA1F325}.Debug|Any CPU.Build.0 = Debug|Any CPU
		{1F584968-273E-4934-BBC4-45B54CA1F325}.Release|Any CPU.ActiveCfg = Release|Any CPU
		{1F584968-273E-4934-BBC4-45B54CA1F325}.Release|Any CPU.Build.0 = Release|Any CPU
		{68785AE4-FED2-4200-A9CA-EA5CCF4C84E0}.Debug|Any CPU.ActiveCfg = Debug|Any CPU
		{68785AE4-FED2-4200-A9CA-EA5CCF4C84E0}.Debug|Any CPU.Build.0 = Debug|Any CPU
		{68785AE4-FED2-4200-A9CA-EA5CCF4C84E0}.Release|Any CPU.ActiveCfg = Release|Any CPU
		{68785AE4-FED2-4200-A9CA-EA5CCF4C84E0}.Release|Any CPU.Build.0 = Release|Any CPU
		{754C1715-3B92-404F-8093-DC89F2FC151C}.Debug|Any CPU.ActiveCfg = Debug|Any CPU
		{754C1715-3B92-404F-8093-DC89F2FC151C}.Debug|Any CPU.Build.0 = Debug|Any CPU
		{754C1715-3B92-404F-8093-DC89F2FC151C}.Release|Any CPU.ActiveCfg = Release|Any CPU
		{754C1715-3B92-404F-8093-DC89F2FC151C}.Release|Any CPU.Build.0 = Release|Any CPU
		{A9ABC78F-5B62-40F1-BCA1-9BDD891B88C9}.Debug|Any CPU.ActiveCfg = Debug|Any CPU
		{A9ABC78F-5B62-40F1-BCA1-9BDD891B88C9}.Debug|Any CPU.Build.0 = Debug|Any CPU
		{A9ABC78F-5B62-40F1-BCA1-9BDD891B88C9}.Release|Any CPU.ActiveCfg = Release|Any CPU
		{A9ABC78F-5B62-40F1-BCA1-9BDD891B88C9}.Release|Any CPU.Build.0 = Release|Any CPU
		{F9A2FF79-4119-4E5C-B9D0-DC60202D3458}.Debug|Any CPU.ActiveCfg = Debug|Any CPU
		{F9A2FF79-4119-4E5C-B9D0-DC60202D3458}.Debug|Any CPU.Build.0 = Debug|Any CPU
		{F9A2FF79-4119-4E5C-B9D0-DC60202D3458}.Release|Any CPU.ActiveCfg = Release|Any CPU
		{F9A2FF79-4119-4E5C-B9D0-DC60202D3458}.Release|Any CPU.Build.0 = Release|Any CPU
		{4DE2F4F8-A8FE-444D-9EFF-ACC91E7554E4}.Debug|Any CPU.ActiveCfg = Debug|Any CPU
		{4DE2F4F8-A8FE-444D-9EFF-ACC91E7554E4}.Debug|Any CPU.Build.0 = Debug|Any CPU
		{4DE2F4F8-A8FE-444D-9EFF-ACC91E7554E4}.Release|Any CPU.ActiveCfg = Release|Any CPU
		{4DE2F4F8-A8FE-444D-9EFF-ACC91E7554E4}.Release|Any CPU.Build.0 = Release|Any CPU
		{9665D9FA-7ADF-4919-BA9F-276843606983}.Debug|Any CPU.ActiveCfg = Debug|Any CPU
		{9665D9FA-7ADF-4919-BA9F-276843606983}.Debug|Any CPU.Build.0 = Debug|Any CPU
		{9665D9FA-7ADF-4919-BA9F-276843606983}.Release|Any CPU.ActiveCfg = Release|Any CPU
		{9665D9FA-7ADF-4919-BA9F-276843606983}.Release|Any CPU.Build.0 = Release|Any CPU
		{3D8C28E5-C116-45F0-90B0-5B6959F58E77}.Debug|Any CPU.ActiveCfg = Debug|Any CPU
		{3D8C28E5-C116-45F0-90B0-5B6959F58E77}.Debug|Any CPU.Build.0 = Debug|Any CPU
		{3D8C28E5-C116-45F0-90B0-5B6959F58E77}.Release|Any CPU.ActiveCfg = Release|Any CPU
		{3D8C28E5-C116-45F0-90B0-5B6959F58E77}.Release|Any CPU.Build.0 = Release|Any CPU
		{D90CC332-9B14-41D6-A75C-37691F8BA5DB}.Debug|Any CPU.ActiveCfg = Debug|Any CPU
		{D90CC332-9B14-41D6-A75C-37691F8BA5DB}.Debug|Any CPU.Build.0 = Debug|Any CPU
		{D90CC332-9B14-41D6-A75C-37691F8BA5DB}.Release|Any CPU.ActiveCfg = Release|Any CPU
		{D90CC332-9B14-41D6-A75C-37691F8BA5DB}.Release|Any CPU.Build.0 = Release|Any CPU
		{7A0CA607-3168-4FB6-97F7-7AD8C0283747}.Debug|Any CPU.ActiveCfg = Debug|Any CPU
		{7A0CA607-3168-4FB6-97F7-7AD8C0283747}.Debug|Any CPU.Build.0 = Debug|Any CPU
		{7A0CA607-3168-4FB6-97F7-7AD8C0283747}.Release|Any CPU.ActiveCfg = Release|Any CPU
		{7A0CA607-3168-4FB6-97F7-7AD8C0283747}.Release|Any CPU.Build.0 = Release|Any CPU
		{FFD32FED-BD53-4BE2-BF28-DB692D53BA75}.Debug|Any CPU.ActiveCfg = Debug|Any CPU
		{FFD32FED-BD53-4BE2-BF28-DB692D53BA75}.Debug|Any CPU.Build.0 = Debug|Any CPU
		{FFD32FED-BD53-4BE2-BF28-DB692D53BA75}.Release|Any CPU.ActiveCfg = Release|Any CPU
		{FFD32FED-BD53-4BE2-BF28-DB692D53BA75}.Release|Any CPU.Build.0 = Release|Any CPU
		{F893BE89-E98D-437E-BCB0-63C343453B48}.Debug|Any CPU.ActiveCfg = Debug|Any CPU
		{F893BE89-E98D-437E-BCB0-63C343453B48}.Debug|Any CPU.Build.0 = Debug|Any CPU
		{F893BE89-E98D-437E-BCB0-63C343453B48}.Release|Any CPU.ActiveCfg = Release|Any CPU
		{F893BE89-E98D-437E-BCB0-63C343453B48}.Release|Any CPU.Build.0 = Release|Any CPU
		{049FEC27-CAB7-43A8-B8C8-725A176A6237}.Debug|Any CPU.ActiveCfg = Debug|Any CPU
		{049FEC27-CAB7-43A8-B8C8-725A176A6237}.Debug|Any CPU.Build.0 = Debug|Any CPU
		{049FEC27-CAB7-43A8-B8C8-725A176A6237}.Release|Any CPU.ActiveCfg = Release|Any CPU
		{049FEC27-CAB7-43A8-B8C8-725A176A6237}.Release|Any CPU.Build.0 = Release|Any CPU
		{D06CEFBB-375A-4C04-B3EC-D55F52EEF0EC}.Debug|Any CPU.ActiveCfg = Debug|Any CPU
		{D06CEFBB-375A-4C04-B3EC-D55F52EEF0EC}.Debug|Any CPU.Build.0 = Debug|Any CPU
		{D06CEFBB-375A-4C04-B3EC-D55F52EEF0EC}.Release|Any CPU.ActiveCfg = Release|Any CPU
		{D06CEFBB-375A-4C04-B3EC-D55F52EEF0EC}.Release|Any CPU.Build.0 = Release|Any CPU
		{2E60933D-EDF9-443F-B973-E51E8A2A49B5}.Debug|Any CPU.ActiveCfg = Debug|Any CPU
		{2E60933D-EDF9-443F-B973-E51E8A2A49B5}.Debug|Any CPU.Build.0 = Debug|Any CPU
		{2E60933D-EDF9-443F-B973-E51E8A2A49B5}.Release|Any CPU.ActiveCfg = Release|Any CPU
		{2E60933D-EDF9-443F-B973-E51E8A2A49B5}.Release|Any CPU.Build.0 = Release|Any CPU
		{E84C87C8-21C7-4BF3-B7EF-A0CCEF426221}.Debug|Any CPU.ActiveCfg = Debug|Any CPU
		{E84C87C8-21C7-4BF3-B7EF-A0CCEF426221}.Debug|Any CPU.Build.0 = Debug|Any CPU
		{E84C87C8-21C7-4BF3-B7EF-A0CCEF426221}.Release|Any CPU.ActiveCfg = Release|Any CPU
		{E84C87C8-21C7-4BF3-B7EF-A0CCEF426221}.Release|Any CPU.Build.0 = Release|Any CPU
		{1F0F5A07-C0A3-4047-BFF0-62E9C178E5B6}.Debug|Any CPU.ActiveCfg = Debug|Any CPU
		{1F0F5A07-C0A3-4047-BFF0-62E9C178E5B6}.Debug|Any CPU.Build.0 = Debug|Any CPU
		{1F0F5A07-C0A3-4047-BFF0-62E9C178E5B6}.Release|Any CPU.ActiveCfg = Release|Any CPU
		{1F0F5A07-C0A3-4047-BFF0-62E9C178E5B6}.Release|Any CPU.Build.0 = Release|Any CPU
	EndGlobalSection
	GlobalSection(SolutionProperties) = preSolution
		HideSolutionNode = FALSE
	EndGlobalSection
	GlobalSection(ExtensibilityGlobals) = postSolution
		SolutionGuid = {F1AE4A2B-E116-480F-8B4D-C3E69078A9EB}
	EndGlobalSection
EndGlobal
