
Microsoft Visual Studio Solution File, Format Version 12.00
# Visual Studio Version 17
VisualStudioVersion = 17.4.33110.190
MinimumVisualStudioVersion = 10.0.40219.1
Project("{9A19103F-16F7-4668-BE54-9A1E7A4F7556}") = "Day01", "Day01\Day01.csproj", "{997A61AF-BB9A-4868-997D-DF7A2AB60009}"
EndProject
Project("{9A19103F-16F7-4668-BE54-9A1E7A4F7556}") = "Day02", "Day02\Day02.csproj", "{40A2BC80-C275-40D5-879F-86B9B8D8F0CE}"
EndProject
Project("{9A19103F-16F7-4668-BE54-9A1E7A4F7556}") = "Day03", "Day03\Day03.csproj", "{FD0EE522-D0E5-46A4-B88E-DE278D651615}"
EndProject
Project("{9A19103F-16F7-4668-BE54-9A1E7A4F7556}") = "Day04", "Day04\Day04.csproj", "{B2D2834C-F1DF-4F71-95BE-5E9BDA48DD32}"
EndProject
Project("{9A19103F-16F7-4668-BE54-9A1E7A4F7556}") = "Day05", "Day05\Day05.csproj", "{7E580F53-7EF5-4792-9053-AB21172505E3}"
EndProject
Project("{9A19103F-16F7-4668-BE54-9A1E7A4F7556}") = "Day06", "Day06\Day06.csproj", "{14937878-099C-44F2-9A28-549FD2EE194D}"
EndProject
Project("{FAE04EC0-301F-11D3-BF4B-00C04F79EFBC}") = "Day07", "Day07\Day07.csproj", "{4D313B29-FF1A-47D2-A967-149D004A1433}"
EndProject
Project("{FAE04EC0-301F-11D3-BF4B-00C04F79EFBC}") = "Day08", "Day08\Day08.csproj", "{96FB7163-14C8-4085-9372-C10412906A49}"
EndProject
Global
	GlobalSection(SolutionConfigurationPlatforms) = preSolution
		Debug|Any CPU = Debug|Any CPU
		Release|Any CPU = Release|Any CPU
	EndGlobalSection
	GlobalSection(ProjectConfigurationPlatforms) = postSolution
		{997A61AF-BB9A-4868-997D-DF7A2AB60009}.Debug|Any CPU.ActiveCfg = Debug|Any CPU
		{997A61AF-BB9A-4868-997D-DF7A2AB60009}.Debug|Any CPU.Build.0 = Debug|Any CPU
		{997A61AF-BB9A-4868-997D-DF7A2AB60009}.Release|Any CPU.ActiveCfg = Release|Any CPU
		{997A61AF-BB9A-4868-997D-DF7A2AB60009}.Release|Any CPU.Build.0 = Release|Any CPU
		{40A2BC80-C275-40D5-879F-86B9B8D8F0CE}.Debug|Any CPU.ActiveCfg = Debug|Any CPU
		{40A2BC80-C275-40D5-879F-86B9B8D8F0CE}.Debug|Any CPU.Build.0 = Debug|Any CPU
		{40A2BC80-C275-40D5-879F-86B9B8D8F0CE}.Release|Any CPU.ActiveCfg = Release|Any CPU
		{40A2BC80-C275-40D5-879F-86B9B8D8F0CE}.Release|Any CPU.Build.0 = Release|Any CPU
		{FD0EE522-D0E5-46A4-B88E-DE278D651615}.Debug|Any CPU.ActiveCfg = Debug|Any CPU
		{FD0EE522-D0E5-46A4-B88E-DE278D651615}.Debug|Any CPU.Build.0 = Debug|Any CPU
		{FD0EE522-D0E5-46A4-B88E-DE278D651615}.Release|Any CPU.ActiveCfg = Release|Any CPU
		{FD0EE522-D0E5-46A4-B88E-DE278D651615}.Release|Any CPU.Build.0 = Release|Any CPU
		{B2D2834C-F1DF-4F71-95BE-5E9BDA48DD32}.Debug|Any CPU.ActiveCfg = Debug|Any CPU
		{B2D2834C-F1DF-4F71-95BE-5E9BDA48DD32}.Debug|Any CPU.Build.0 = Debug|Any CPU
		{B2D2834C-F1DF-4F71-95BE-5E9BDA48DD32}.Release|Any CPU.ActiveCfg = Release|Any CPU
		{B2D2834C-F1DF-4F71-95BE-5E9BDA48DD32}.Release|Any CPU.Build.0 = Release|Any CPU
		{7E580F53-7EF5-4792-9053-AB21172505E3}.Debug|Any CPU.ActiveCfg = Debug|Any CPU
		{7E580F53-7EF5-4792-9053-AB21172505E3}.Debug|Any CPU.Build.0 = Debug|Any CPU
		{7E580F53-7EF5-4792-9053-AB21172505E3}.Release|Any CPU.ActiveCfg = Release|Any CPU
		{7E580F53-7EF5-4792-9053-AB21172505E3}.Release|Any CPU.Build.0 = Release|Any CPU
		{14937878-099C-44F2-9A28-549FD2EE194D}.Debug|Any CPU.ActiveCfg = Debug|Any CPU
		{14937878-099C-44F2-9A28-549FD2EE194D}.Debug|Any CPU.Build.0 = Debug|Any CPU
		{14937878-099C-44F2-9A28-549FD2EE194D}.Release|Any CPU.ActiveCfg = Release|Any CPU
		{14937878-099C-44F2-9A28-549FD2EE194D}.Release|Any CPU.Build.0 = Release|Any CPU
		{4D313B29-FF1A-47D2-A967-149D004A1433}.Debug|Any CPU.ActiveCfg = Debug|Any CPU
		{4D313B29-FF1A-47D2-A967-149D004A1433}.Debug|Any CPU.Build.0 = Debug|Any CPU
		{4D313B29-FF1A-47D2-A967-149D004A1433}.Release|Any CPU.ActiveCfg = Release|Any CPU
		{4D313B29-FF1A-47D2-A967-149D004A1433}.Release|Any CPU.Build.0 = Release|Any CPU
		{96FB7163-14C8-4085-9372-C10412906A49}.Debug|Any CPU.ActiveCfg = Debug|Any CPU
		{96FB7163-14C8-4085-9372-C10412906A49}.Debug|Any CPU.Build.0 = Debug|Any CPU
		{96FB7163-14C8-4085-9372-C10412906A49}.Release|Any CPU.ActiveCfg = Release|Any CPU
		{96FB7163-14C8-4085-9372-C10412906A49}.Release|Any CPU.Build.0 = Release|Any CPU
	EndGlobalSection
	GlobalSection(SolutionProperties) = preSolution
		HideSolutionNode = FALSE
	EndGlobalSection
	GlobalSection(ExtensibilityGlobals) = postSolution
		SolutionGuid = {7549CF54-C30F-4BB1-BEAE-BECEA09F808F}
	EndGlobalSection
EndGlobal
